
Microsoft Visual Studio Solution File, Format Version 12.00
Project("{FAE04EC0-301F-11D3-BF4B-00C04F79EFBC}") = "AccountService.Api", "AccountService.Api\AccountService.Api.csproj", "{A8C545D1-38AF-437B-AE05-2B16FE7A3BB6}"
EndProject
Project("{FAE04EC0-301F-11D3-BF4B-00C04F79EFBC}") = "AccountService.Core", "AccountService.Core\AccountService.Core.csproj", "{6F92A9DA-48EF-47EA-8022-4D463047F77B}"
EndProject
Project("{FAE04EC0-301F-11D3-BF4B-00C04F79EFBC}") = "AccountService.Dal", "AccountService.Dal\AccountService.Dal.csproj", "{7133D58A-7258-47BD-ACB1-5F85B2157F03}"
EndProject
Project("{FAE04EC0-301F-11D3-BF4B-00C04F79EFBC}") = "AccountService.Grpc", "AccountService.Grpc\AccountService.Grpc.csproj", "{7FD3DFDF-9590-4F6A-837E-F5716379DB7C}"
EndProject
Global
	GlobalSection(SolutionConfigurationPlatforms) = preSolution
		Debug|Any CPU = Debug|Any CPU
		Release|Any CPU = Release|Any CPU
	EndGlobalSection
	GlobalSection(ProjectConfigurationPlatforms) = postSolution
		{A8C545D1-38AF-437B-AE05-2B16FE7A3BB6}.Debug|Any CPU.ActiveCfg = Debug|Any CPU
		{A8C545D1-38AF-437B-AE05-2B16FE7A3BB6}.Debug|Any CPU.Build.0 = Debug|Any CPU
		{A8C545D1-38AF-437B-AE05-2B16FE7A3BB6}.Release|Any CPU.ActiveCfg = Release|Any CPU
		{A8C545D1-38AF-437B-AE05-2B16FE7A3BB6}.Release|Any CPU.Build.0 = Release|Any CPU
		{6F92A9DA-48EF-47EA-8022-4D463047F77B}.Debug|Any CPU.ActiveCfg = Debug|Any CPU
		{6F92A9DA-48EF-47EA-8022-4D463047F77B}.Debug|Any CPU.Build.0 = Debug|Any CPU
		{6F92A9DA-48EF-47EA-8022-4D463047F77B}.Release|Any CPU.ActiveCfg = Release|Any CPU
		{6F92A9DA-48EF-47EA-8022-4D463047F77B}.Release|Any CPU.Build.0 = Release|Any CPU
		{7133D58A-7258-47BD-ACB1-5F85B2157F03}.Debug|Any CPU.ActiveCfg = Debug|Any CPU
		{7133D58A-7258-47BD-ACB1-5F85B2157F03}.Debug|Any CPU.Build.0 = Debug|Any CPU
		{7133D58A-7258-47BD-ACB1-5F85B2157F03}.Release|Any CPU.ActiveCfg = Release|Any CPU
		{7133D58A-7258-47BD-ACB1-5F85B2157F03}.Release|Any CPU.Build.0 = Release|Any CPU
		{7FD3DFDF-9590-4F6A-837E-F5716379DB7C}.Debug|Any CPU.ActiveCfg = Debug|Any CPU
		{7FD3DFDF-9590-4F6A-837E-F5716379DB7C}.Debug|Any CPU.Build.0 = Debug|Any CPU
		{7FD3DFDF-9590-4F6A-837E-F5716379DB7C}.Release|Any CPU.ActiveCfg = Release|Any CPU
		{7FD3DFDF-9590-4F6A-837E-F5716379DB7C}.Release|Any CPU.Build.0 = Release|Any CPU
	EndGlobalSection
EndGlobal
